
Microsoft Visual Studio Solution File, Format Version 12.00
# Visual Studio Version 17
VisualStudioVersion = 17.3.32929.385
MinimumVisualStudioVersion = 10.0.40219.1
Project("{9A19103F-16F7-4668-BE54-9A1E7A4F7556}") = "JsonSchemaConsoleApp", "JsonSchemaConsoleApp\JsonSchemaConsoleApp.csproj", "{442C5880-AD7B-4BD1-ADF7-EAE3A798C8DC}"
EndProject
Project("{9A19103F-16F7-4668-BE54-9A1E7A4F7556}") = "LateApexEarlySpeed.Json.Schema.UnitTests", "LateApexEarlySpeed.Json.Schema.UnitTests\LateApexEarlySpeed.Json.Schema.UnitTests.csproj", "{4DE021D8-2AEA-459B-AE32-1CA01AE7B700}"
EndProject
Project("{9A19103F-16F7-4668-BE54-9A1E7A4F7556}") = "LateApexEarlySpeed.Json.Schema.Benchmark", "LateApexEarlySpeed.Json.Schema.Benchmark\LateApexEarlySpeed.Json.Schema.Benchmark.csproj", "{91147EAA-61FB-440B-95D9-BDCE884506C1}"
EndProject
Project("{9A19103F-16F7-4668-BE54-9A1E7A4F7556}") = "LateApexEarlySpeed.Json.Schema", "LateApexEarlySpeed.Json.Schema\LateApexEarlySpeed.Json.Schema.csproj", "{9D130148-0B13-456B-94FF-96FE26934598}"
EndProject
Project("{9A19103F-16F7-4668-BE54-9A1E7A4F7556}") = "LateApexEarlySpeed.EntityFrameworkCore.V3.Json.Schema", "LateApexEarlySpeed.EntityFrameworkCore.V3.Json.Schema\LateApexEarlySpeed.EntityFrameworkCore.V3.Json.Schema.csproj", "{2455E75B-3321-4D52-B04C-71609877DC09}"
EndProject
Project("{9A19103F-16F7-4668-BE54-9A1E7A4F7556}") = "LateApexEarlySpeed.EntityFrameworkCore.V6.Json.Schema", "LateApexEarlySpeed.EntityFrameworkCore.V6.Json.Schema\LateApexEarlySpeed.EntityFrameworkCore.V6.Json.Schema.csproj", "{B43B9381-4CEA-465F-BC64-7BECE092387A}"
EndProject
Project("{9A19103F-16F7-4668-BE54-9A1E7A4F7556}") = "LateApexEarlySpeed.EntityFrameworkCore.Json.Schema.UnitTests", "LateApexEarlySpeed.EntityFrameworkCore.Json.Schema.UnitTests\LateApexEarlySpeed.EntityFrameworkCore.Json.Schema.UnitTests.csproj", "{39149B38-399A-4E80-931C-BE6CBD5CA0AC}"
EndProject
Global
	GlobalSection(SolutionConfigurationPlatforms) = preSolution
		Debug|Any CPU = Debug|Any CPU
		Release|Any CPU = Release|Any CPU
	EndGlobalSection
	GlobalSection(ProjectConfigurationPlatforms) = postSolution
		{442C5880-AD7B-4BD1-ADF7-EAE3A798C8DC}.Debug|Any CPU.ActiveCfg = Debug|Any CPU
		{442C5880-AD7B-4BD1-ADF7-EAE3A798C8DC}.Debug|Any CPU.Build.0 = Debug|Any CPU
		{442C5880-AD7B-4BD1-ADF7-EAE3A798C8DC}.Release|Any CPU.ActiveCfg = Release|Any CPU
		{442C5880-AD7B-4BD1-ADF7-EAE3A798C8DC}.Release|Any CPU.Build.0 = Release|Any CPU
		{4DE021D8-2AEA-459B-AE32-1CA01AE7B700}.Debug|Any CPU.ActiveCfg = Debug|Any CPU
		{4DE021D8-2AEA-459B-AE32-1CA01AE7B700}.Debug|Any CPU.Build.0 = Debug|Any CPU
		{4DE021D8-2AEA-459B-AE32-1CA01AE7B700}.Release|Any CPU.ActiveCfg = Release|Any CPU
		{4DE021D8-2AEA-459B-AE32-1CA01AE7B700}.Release|Any CPU.Build.0 = Release|Any CPU
		{91147EAA-61FB-440B-95D9-BDCE884506C1}.Debug|Any CPU.ActiveCfg = Debug|Any CPU
		{91147EAA-61FB-440B-95D9-BDCE884506C1}.Debug|Any CPU.Build.0 = Debug|Any CPU
		{91147EAA-61FB-440B-95D9-BDCE884506C1}.Release|Any CPU.ActiveCfg = Release|Any CPU
		{91147EAA-61FB-440B-95D9-BDCE884506C1}.Release|Any CPU.Build.0 = Release|Any CPU
		{9D130148-0B13-456B-94FF-96FE26934598}.Debug|Any CPU.ActiveCfg = Debug|Any CPU
		{9D130148-0B13-456B-94FF-96FE26934598}.Debug|Any CPU.Build.0 = Debug|Any CPU
		{9D130148-0B13-456B-94FF-96FE26934598}.Release|Any CPU.ActiveCfg = Release|Any CPU
		{9D130148-0B13-456B-94FF-96FE26934598}.Release|Any CPU.Build.0 = Release|Any CPU
		{2455E75B-3321-4D52-B04C-71609877DC09}.Debug|Any CPU.ActiveCfg = Debug|Any CPU
		{2455E75B-3321-4D52-B04C-71609877DC09}.Debug|Any CPU.Build.0 = Debug|Any CPU
		{2455E75B-3321-4D52-B04C-71609877DC09}.Release|Any CPU.ActiveCfg = Release|Any CPU
		{2455E75B-3321-4D52-B04C-71609877DC09}.Release|Any CPU.Build.0 = Release|Any CPU
		{B43B9381-4CEA-465F-BC64-7BECE092387A}.Debug|Any CPU.ActiveCfg = Debug|Any CPU
		{B43B9381-4CEA-465F-BC64-7BECE092387A}.Debug|Any CPU.Build.0 = Debug|Any CPU
		{B43B9381-4CEA-465F-BC64-7BECE092387A}.Release|Any CPU.ActiveCfg = Release|Any CPU
		{B43B9381-4CEA-465F-BC64-7BECE092387A}.Release|Any CPU.Build.0 = Release|Any CPU
		{39149B38-399A-4E80-931C-BE6CBD5CA0AC}.Debug|Any CPU.ActiveCfg = Debug|Any CPU
		{39149B38-399A-4E80-931C-BE6CBD5CA0AC}.Debug|Any CPU.Build.0 = Debug|Any CPU
		{39149B38-399A-4E80-931C-BE6CBD5CA0AC}.Release|Any CPU.ActiveCfg = Release|Any CPU
		{39149B38-399A-4E80-931C-BE6CBD5CA0AC}.Release|Any CPU.Build.0 = Release|Any CPU
	EndGlobalSection
	GlobalSection(SolutionProperties) = preSolution
		HideSolutionNode = FALSE
	EndGlobalSection
	GlobalSection(ExtensibilityGlobals) = postSolution
		SolutionGuid = {F4FDBD53-952B-4E51-996B-59ACB5E414B5}
	EndGlobalSection
EndGlobal
